
Microsoft Visual Studio Solution File, Format Version 12.00
# Visual Studio Version 17
VisualStudioVersion = 17.7.34202.233
MinimumVisualStudioVersion = 10.0.40219.1
Project("{FAE04EC0-301F-11D3-BF4B-00C04F79EFBC}") = "SRHWiscManoApp", "SRHWiscManoApp.csproj", "{53632850-DFCE-47E5-9FC6-05CF7676DADE}"
EndProject
Project("{FAE04EC0-301F-11D3-BF4B-00C04F79EFBC}") = "SRHWiscMano.Core", "..\SRHWiscMano.Core\SRHWiscMano.Core.csproj", "{DBB2A27A-D70A-41B2-9055-945258B92A29}"
EndProject
Global
	GlobalSection(SolutionConfigurationPlatforms) = preSolution
		Debug|Any CPU = Debug|Any CPU
		Release|Any CPU = Release|Any CPU
	EndGlobalSection
	GlobalSection(ProjectConfigurationPlatforms) = postSolution
		{53632850-DFCE-47E5-9FC6-05CF7676DADE}.Debug|Any CPU.ActiveCfg = Debug|Any CPU
		{53632850-DFCE-47E5-9FC6-05CF7676DADE}.Debug|Any CPU.Build.0 = Debug|Any CPU
		{53632850-DFCE-47E5-9FC6-05CF7676DADE}.Release|Any CPU.ActiveCfg = Release|Any CPU
		{53632850-DFCE-47E5-9FC6-05CF7676DADE}.Release|Any CPU.Build.0 = Release|Any CPU
		{DBB2A27A-D70A-41B2-9055-945258B92A29}.Debug|Any CPU.ActiveCfg = Debug|Any CPU
		{DBB2A27A-D70A-41B2-9055-945258B92A29}.Debug|Any CPU.Build.0 = Debug|Any CPU
		{DBB2A27A-D70A-41B2-9055-945258B92A29}.Release|Any CPU.ActiveCfg = Release|Any CPU
		{DBB2A27A-D70A-41B2-9055-945258B92A29}.Release|Any CPU.Build.0 = Release|Any CPU
	EndGlobalSection
	GlobalSection(SolutionProperties) = preSolution
		HideSolutionNode = FALSE
	EndGlobalSection
	GlobalSection(ExtensibilityGlobals) = postSolution
		SolutionGuid = {C6E69471-E5B8-414D-A729-347BFC67FD72}
	EndGlobalSection
EndGlobal
